
Microsoft Visual Studio Solution File, Format Version 12.00
# Visual Studio Version 16
VisualStudioVersion = 16.0.28803.202
MinimumVisualStudioVersion = 10.0.40219.1
Project("{FAE04EC0-301F-11D3-BF4B-00C04F79EFBC}") = "mhedit", "mhedit\mhedit.csproj", "{064D0FB3-1A17-40C9-8043-DA13F1971F2E}"
EndProject
Project("{FAE04EC0-301F-11D3-BF4B-00C04F79EFBC}") = "Silver.UI.ToolBox", "Silver.UI.ToolBox\Silver.UI.ToolBox.csproj", "{D937E1F4-1B9F-4567-B28E-EED24AA31C9C}"
EndProject
Project("{FAE04EC0-301F-11D3-BF4B-00C04F79EFBC}") = "mhedit.Containers", "mhedit.Containers\mhedit.Containers.csproj", "{56F50C8E-1406-4888-89A2-575ABF86721E}"
EndProject
Project("{FAE04EC0-301F-11D3-BF4B-00C04F79EFBC}") = "mhedit.GameControllers", "mhedit.GameControllers\mhedit.GameControllers.csproj", "{666B7082-23D0-43BC-B73A-28F2307D9702}"
EndProject
Project("{FAE04EC0-301F-11D3-BF4B-00C04F79EFBC}") = "mhedit.Extensions", "mhedit.Extensions\mhedit.Extensions.csproj", "{AD8EEF75-39BE-41AC-8A16-176190D0FA3E}"
EndProject
Project("{9A19103F-16F7-4668-BE54-9A1E7A4F7556}") = "MajorHavocEditor", "MajorHavocEditor\MajorHavocEditor.csproj", "{CBC2C381-4F59-4A63-B7A3-EB59ECC1961F}"
EndProject
Global
	GlobalSection(SolutionConfigurationPlatforms) = preSolution
		Debug|Any CPU = Debug|Any CPU
		Release|Any CPU = Release|Any CPU
	EndGlobalSection
	GlobalSection(ProjectConfigurationPlatforms) = postSolution
		{064D0FB3-1A17-40C9-8043-DA13F1971F2E}.Debug|Any CPU.ActiveCfg = Debug|Any CPU
		{064D0FB3-1A17-40C9-8043-DA13F1971F2E}.Debug|Any CPU.Build.0 = Debug|Any CPU
		{064D0FB3-1A17-40C9-8043-DA13F1971F2E}.Release|Any CPU.ActiveCfg = Release|Any CPU
		{064D0FB3-1A17-40C9-8043-DA13F1971F2E}.Release|Any CPU.Build.0 = Release|Any CPU
		{D937E1F4-1B9F-4567-B28E-EED24AA31C9C}.Debug|Any CPU.ActiveCfg = Debug|Any CPU
		{D937E1F4-1B9F-4567-B28E-EED24AA31C9C}.Debug|Any CPU.Build.0 = Debug|Any CPU
		{D937E1F4-1B9F-4567-B28E-EED24AA31C9C}.Release|Any CPU.ActiveCfg = Release|Any CPU
		{D937E1F4-1B9F-4567-B28E-EED24AA31C9C}.Release|Any CPU.Build.0 = Release|Any CPU
		{56F50C8E-1406-4888-89A2-575ABF86721E}.Debug|Any CPU.ActiveCfg = Debug|Any CPU
		{56F50C8E-1406-4888-89A2-575ABF86721E}.Debug|Any CPU.Build.0 = Debug|Any CPU
		{56F50C8E-1406-4888-89A2-575ABF86721E}.Release|Any CPU.ActiveCfg = Release|Any CPU
		{56F50C8E-1406-4888-89A2-575ABF86721E}.Release|Any CPU.Build.0 = Release|Any CPU
		{666B7082-23D0-43BC-B73A-28F2307D9702}.Debug|Any CPU.ActiveCfg = Debug|Any CPU
		{666B7082-23D0-43BC-B73A-28F2307D9702}.Debug|Any CPU.Build.0 = Debug|Any CPU
		{666B7082-23D0-43BC-B73A-28F2307D9702}.Release|Any CPU.ActiveCfg = Release|Any CPU
		{666B7082-23D0-43BC-B73A-28F2307D9702}.Release|Any CPU.Build.0 = Release|Any CPU
		{AD8EEF75-39BE-41AC-8A16-176190D0FA3E}.Debug|Any CPU.ActiveCfg = Debug|Any CPU
		{AD8EEF75-39BE-41AC-8A16-176190D0FA3E}.Debug|Any CPU.Build.0 = Debug|Any CPU
		{AD8EEF75-39BE-41AC-8A16-176190D0FA3E}.Release|Any CPU.ActiveCfg = Release|Any CPU
		{AD8EEF75-39BE-41AC-8A16-176190D0FA3E}.Release|Any CPU.Build.0 = Release|Any CPU
		{CBC2C381-4F59-4A63-B7A3-EB59ECC1961F}.Debug|Any CPU.ActiveCfg = Debug|Any CPU
		{CBC2C381-4F59-4A63-B7A3-EB59ECC1961F}.Debug|Any CPU.Build.0 = Debug|Any CPU
		{CBC2C381-4F59-4A63-B7A3-EB59ECC1961F}.Release|Any CPU.ActiveCfg = Release|Any CPU
		{CBC2C381-4F59-4A63-B7A3-EB59ECC1961F}.Release|Any CPU.Build.0 = Release|Any CPU
	EndGlobalSection
	GlobalSection(SolutionProperties) = preSolution
		HideSolutionNode = FALSE
	EndGlobalSection
	GlobalSection(ExtensibilityGlobals) = postSolution
		SolutionGuid = {58D15386-F028-4198-96DD-4CDCD9DA8A4B}
	EndGlobalSection
EndGlobal
