
Microsoft Visual Studio Solution File, Format Version 12.00
# Visual Studio 15
VisualStudioVersion = 15.0.27428.2015
MinimumVisualStudioVersion = 10.0.40219.1
Project("{FAE04EC0-301F-11D3-BF4B-00C04F79EFBC}") = "mhedit", "mhedit\mhedit.csproj", "{064D0FB3-1A17-40C9-8043-DA13F1971F2E}"
EndProject
Project("{FAE04EC0-301F-11D3-BF4B-00C04F79EFBC}") = "Silver.UI.ToolBox", "Silver.UI.ToolBox\Silver.UI.ToolBox.csproj", "{D937E1F4-1B9F-4567-B28E-EED24AA31C9C}"
EndProject
Project("{FAE04EC0-301F-11D3-BF4B-00C04F79EFBC}") = "mhedit.Containers", "mhedit.Containers\mhedit.Containers.csproj", "{56F50C8E-1406-4888-89A2-575ABF86721E}"
EndProject
Project("{9A19103F-16F7-4668-BE54-9A1E7A4F7556}") = "GameEditor.Core", "GameEditor.Core\GameEditor.Core.csproj", "{F9FF2A9F-00B9-4D04-B47B-B4718A74FA03}"
EndProject
Project("{9A19103F-16F7-4668-BE54-9A1E7A4F7556}") = "GameEditor.Atari.MajorHavoc", "GameEditor.Atari.MajorHavoc\GameEditor.Atari.MajorHavoc.csproj", "{14CCFEC4-43A1-4C86-A244-8FCAEB4A1035}"
EndProject
Project("{9A19103F-16F7-4668-BE54-9A1E7A4F7556}") = "GameEditor.Atari.MajorHavoc.Test", "GameEditor.Atari.MajorHavoc.Test\GameEditor.Atari.MajorHavoc.Test.csproj", "{EE3FB32A-ED8D-4766-892C-A9E95723B77D}"
EndProject
Global
	GlobalSection(SolutionConfigurationPlatforms) = preSolution
		Debug|Any CPU = Debug|Any CPU
		Release|Any CPU = Release|Any CPU
	EndGlobalSection
	GlobalSection(ProjectConfigurationPlatforms) = postSolution
		{064D0FB3-1A17-40C9-8043-DA13F1971F2E}.Debug|Any CPU.ActiveCfg = Debug|Any CPU
		{064D0FB3-1A17-40C9-8043-DA13F1971F2E}.Debug|Any CPU.Build.0 = Debug|Any CPU
		{064D0FB3-1A17-40C9-8043-DA13F1971F2E}.Release|Any CPU.ActiveCfg = Release|Any CPU
		{064D0FB3-1A17-40C9-8043-DA13F1971F2E}.Release|Any CPU.Build.0 = Release|Any CPU
		{D937E1F4-1B9F-4567-B28E-EED24AA31C9C}.Debug|Any CPU.ActiveCfg = Debug|Any CPU
		{D937E1F4-1B9F-4567-B28E-EED24AA31C9C}.Debug|Any CPU.Build.0 = Debug|Any CPU
		{D937E1F4-1B9F-4567-B28E-EED24AA31C9C}.Release|Any CPU.ActiveCfg = Release|Any CPU
		{D937E1F4-1B9F-4567-B28E-EED24AA31C9C}.Release|Any CPU.Build.0 = Release|Any CPU
		{56F50C8E-1406-4888-89A2-575ABF86721E}.Debug|Any CPU.ActiveCfg = Debug|Any CPU
		{56F50C8E-1406-4888-89A2-575ABF86721E}.Debug|Any CPU.Build.0 = Debug|Any CPU
		{56F50C8E-1406-4888-89A2-575ABF86721E}.Release|Any CPU.ActiveCfg = Release|Any CPU
		{56F50C8E-1406-4888-89A2-575ABF86721E}.Release|Any CPU.Build.0 = Release|Any CPU
		{F9FF2A9F-00B9-4D04-B47B-B4718A74FA03}.Debug|Any CPU.ActiveCfg = Debug|Any CPU
		{F9FF2A9F-00B9-4D04-B47B-B4718A74FA03}.Debug|Any CPU.Build.0 = Debug|Any CPU
		{F9FF2A9F-00B9-4D04-B47B-B4718A74FA03}.Release|Any CPU.ActiveCfg = Release|Any CPU
		{F9FF2A9F-00B9-4D04-B47B-B4718A74FA03}.Release|Any CPU.Build.0 = Release|Any CPU
		{14CCFEC4-43A1-4C86-A244-8FCAEB4A1035}.Debug|Any CPU.ActiveCfg = Debug|Any CPU
		{14CCFEC4-43A1-4C86-A244-8FCAEB4A1035}.Debug|Any CPU.Build.0 = Debug|Any CPU
		{14CCFEC4-43A1-4C86-A244-8FCAEB4A1035}.Release|Any CPU.ActiveCfg = Release|Any CPU
		{14CCFEC4-43A1-4C86-A244-8FCAEB4A1035}.Release|Any CPU.Build.0 = Release|Any CPU
		{EE3FB32A-ED8D-4766-892C-A9E95723B77D}.Debug|Any CPU.ActiveCfg = Debug|Any CPU
		{EE3FB32A-ED8D-4766-892C-A9E95723B77D}.Debug|Any CPU.Build.0 = Debug|Any CPU
		{EE3FB32A-ED8D-4766-892C-A9E95723B77D}.Release|Any CPU.ActiveCfg = Release|Any CPU
		{EE3FB32A-ED8D-4766-892C-A9E95723B77D}.Release|Any CPU.Build.0 = Release|Any CPU
	EndGlobalSection
	GlobalSection(SolutionProperties) = preSolution
		HideSolutionNode = FALSE
	EndGlobalSection
	GlobalSection(ExtensibilityGlobals) = postSolution
		SolutionGuid = {BD81CAA4-7577-4E89-AA17-26686697ABE6}
	EndGlobalSection
EndGlobal
