
Microsoft Visual Studio Solution File, Format Version 12.00
# Visual Studio 15
VisualStudioVersion = 15.0.27703.2047
MinimumVisualStudioVersion = 10.0.40219.1
Project("{FAE04EC0-301F-11D3-BF4B-00C04F79EFBC}") = "mhc2rom", "mhc2rom.csproj", "{805E4ECB-F3C6-4F82-A215-BD1785E44E69}"
EndProject
Project("{FAE04EC0-301F-11D3-BF4B-00C04F79EFBC}") = "mhedit.Containers", "..\mhedit.Containers\mhedit.Containers.csproj", "{56F50C8E-1406-4888-89A2-575ABF86721E}"
EndProject
Project("{FAE04EC0-301F-11D3-BF4B-00C04F79EFBC}") = "mhedit.GameControllers", "..\mhedit.GameControllers\mhedit.GameControllers.csproj", "{666B7082-23D0-43BC-B73A-28F2307D9702}"
EndProject
Project("{FAE04EC0-301F-11D3-BF4B-00C04F79EFBC}") = "mhedit.Extensions", "..\mhedit.Extensions\mhedit.Extensions.csproj", "{AD8EEF75-39BE-41AC-8A16-176190D0FA3E}"
EndProject
Global
	GlobalSection(SolutionConfigurationPlatforms) = preSolution
		Debug|Any CPU = Debug|Any CPU
		Release|Any CPU = Release|Any CPU
	EndGlobalSection
	GlobalSection(ProjectConfigurationPlatforms) = postSolution
		{805E4ECB-F3C6-4F82-A215-BD1785E44E69}.Debug|Any CPU.ActiveCfg = Debug|Any CPU
		{805E4ECB-F3C6-4F82-A215-BD1785E44E69}.Debug|Any CPU.Build.0 = Debug|Any CPU
		{805E4ECB-F3C6-4F82-A215-BD1785E44E69}.Release|Any CPU.ActiveCfg = Release|Any CPU
		{805E4ECB-F3C6-4F82-A215-BD1785E44E69}.Release|Any CPU.Build.0 = Release|Any CPU
		{56F50C8E-1406-4888-89A2-575ABF86721E}.Debug|Any CPU.ActiveCfg = Debug|Any CPU
		{56F50C8E-1406-4888-89A2-575ABF86721E}.Debug|Any CPU.Build.0 = Debug|Any CPU
		{56F50C8E-1406-4888-89A2-575ABF86721E}.Release|Any CPU.ActiveCfg = Release|Any CPU
		{56F50C8E-1406-4888-89A2-575ABF86721E}.Release|Any CPU.Build.0 = Release|Any CPU
		{666B7082-23D0-43BC-B73A-28F2307D9702}.Debug|Any CPU.ActiveCfg = Debug|Any CPU
		{666B7082-23D0-43BC-B73A-28F2307D9702}.Debug|Any CPU.Build.0 = Debug|Any CPU
		{666B7082-23D0-43BC-B73A-28F2307D9702}.Release|Any CPU.ActiveCfg = Release|Any CPU
		{666B7082-23D0-43BC-B73A-28F2307D9702}.Release|Any CPU.Build.0 = Release|Any CPU
		{AD8EEF75-39BE-41AC-8A16-176190D0FA3E}.Debug|Any CPU.ActiveCfg = Debug|Any CPU
		{AD8EEF75-39BE-41AC-8A16-176190D0FA3E}.Debug|Any CPU.Build.0 = Debug|Any CPU
		{AD8EEF75-39BE-41AC-8A16-176190D0FA3E}.Release|Any CPU.ActiveCfg = Release|Any CPU
		{AD8EEF75-39BE-41AC-8A16-176190D0FA3E}.Release|Any CPU.Build.0 = Release|Any CPU
	EndGlobalSection
	GlobalSection(SolutionProperties) = preSolution
		HideSolutionNode = FALSE
	EndGlobalSection
	GlobalSection(ExtensibilityGlobals) = postSolution
		SolutionGuid = {1DCEC167-0C75-46FB-9A48-893237CE3B27}
	EndGlobalSection
EndGlobal
